
Microsoft Visual Studio Solution File, Format Version 12.00
# Visual Studio Version 16
VisualStudioVersion = 16.0.31424.327
MinimumVisualStudioVersion = 10.0.40219.1
Project("{FAE04EC0-301F-11D3-BF4B-00C04F79EFBC}") = "BlazorWebAssemblySignalRApp.Server", "BlazorWebAssemblySignalRApp\Server\BlazorWebAssemblySignalRApp.Server.csproj", "{15335D63-7CCB-4F25-A850-BF0814EBABC7}"
EndProject
Project("{FAE04EC0-301F-11D3-BF4B-00C04F79EFBC}") = "BlazorWebAssemblySignalRApp.Client", "BlazorWebAssemblySignalRApp\Client\BlazorWebAssemblySignalRApp.Client.csproj", "{582DE439-C595-4A32-9F69-F338EAF76A9A}"
EndProject
Project("{FAE04EC0-301F-11D3-BF4B-00C04F79EFBC}") = "BlazorWebAssemblySignalRApp.Shared", "BlazorWebAssemblySignalRApp\Shared\BlazorWebAssemblySignalRApp.Shared.csproj", "{CC584FFB-4B96-4A29-9572-99ED46F0C21D}"
EndProject
Global
	GlobalSection(SolutionConfigurationPlatforms) = preSolution
		Debug|Any CPU = Debug|Any CPU
		Release|Any CPU = Release|Any CPU
	EndGlobalSection
	GlobalSection(ProjectConfigurationPlatforms) = postSolution
		{15335D63-7CCB-4F25-A850-BF0814EBABC7}.Debug|Any CPU.ActiveCfg = Debug|Any CPU
		{15335D63-7CCB-4F25-A850-BF0814EBABC7}.Debug|Any CPU.Build.0 = Debug|Any CPU
		{15335D63-7CCB-4F25-A850-BF0814EBABC7}.Release|Any CPU.ActiveCfg = Release|Any CPU
		{15335D63-7CCB-4F25-A850-BF0814EBABC7}.Release|Any CPU.Build.0 = Release|Any CPU
		{582DE439-C595-4A32-9F69-F338EAF76A9A}.Debug|Any CPU.ActiveCfg = Debug|Any CPU
		{582DE439-C595-4A32-9F69-F338EAF76A9A}.Debug|Any CPU.Build.0 = Debug|Any CPU
		{582DE439-C595-4A32-9F69-F338EAF76A9A}.Release|Any CPU.ActiveCfg = Release|Any CPU
		{582DE439-C595-4A32-9F69-F338EAF76A9A}.Release|Any CPU.Build.0 = Release|Any CPU
		{CC584FFB-4B96-4A29-9572-99ED46F0C21D}.Debug|Any CPU.ActiveCfg = Debug|Any CPU
		{CC584FFB-4B96-4A29-9572-99ED46F0C21D}.Debug|Any CPU.Build.0 = Debug|Any CPU
		{CC584FFB-4B96-4A29-9572-99ED46F0C21D}.Release|Any CPU.ActiveCfg = Release|Any CPU
		{CC584FFB-4B96-4A29-9572-99ED46F0C21D}.Release|Any CPU.Build.0 = Release|Any CPU
	EndGlobalSection
	GlobalSection(SolutionProperties) = preSolution
		HideSolutionNode = FALSE
	EndGlobalSection
	GlobalSection(ExtensibilityGlobals) = postSolution
		SolutionGuid = {5775B52A-2B40-4965-91A6-A50E091C119A}
	EndGlobalSection
EndGlobal
